
Microsoft Visual Studio Solution File, Format Version 12.00
# Visual Studio Version 17
VisualStudioVersion = 17.0.31919.166
MinimumVisualStudioVersion = 10.0.40219.1
Project("{FAE04EC0-301F-11D3-BF4B-00C04F79EFBC}") = "User.Api", "src\User.Api\User.Api.csproj", "{68790A83-6D0F-402F-B9E6-62C6CFDFDCC8}"
EndProject
Project("{2150E333-8FDC-42A3-9474-1A3956D46DE8}") = "src", "src", "{B6BDE687-9722-4D8A-971C-70F46F4EE5DB}"
EndProject
Project("{FAE04EC0-301F-11D3-BF4B-00C04F79EFBC}") = "User.Core", "src\User.Core\User.Core.csproj", "{AACACA1C-A729-461A-8745-06C912C98DF6}"
EndProject
Project("{FAE04EC0-301F-11D3-BF4B-00C04F79EFBC}") = "User.Data", "src\User.Data\User.Data.csproj", "{4CAD4767-D3CF-4F74-A8C3-9F1ABD3D2E12}"
EndProject
Project("{FAE04EC0-301F-11D3-BF4B-00C04F79EFBC}") = "User.Service", "src\User.Service\User.Service.csproj", "{335DF32E-EC66-4C5C-95AE-3CBDB51A8E58}"
EndProject
Project("{FAE04EC0-301F-11D3-BF4B-00C04F79EFBC}") = "ToDo.Api", "src\ToDo.Api\ToDo.Api.csproj", "{1F8FE477-EDF1-42E2-BA98-4D53B4C2B279}"
EndProject
Global
	GlobalSection(SolutionConfigurationPlatforms) = preSolution
		Debug|Any CPU = Debug|Any CPU
		Release|Any CPU = Release|Any CPU
	EndGlobalSection
	GlobalSection(ProjectConfigurationPlatforms) = postSolution
		{68790A83-6D0F-402F-B9E6-62C6CFDFDCC8}.Debug|Any CPU.ActiveCfg = Debug|Any CPU
		{68790A83-6D0F-402F-B9E6-62C6CFDFDCC8}.Debug|Any CPU.Build.0 = Debug|Any CPU
		{68790A83-6D0F-402F-B9E6-62C6CFDFDCC8}.Release|Any CPU.ActiveCfg = Release|Any CPU
		{68790A83-6D0F-402F-B9E6-62C6CFDFDCC8}.Release|Any CPU.Build.0 = Release|Any CPU
		{AACACA1C-A729-461A-8745-06C912C98DF6}.Debug|Any CPU.ActiveCfg = Debug|Any CPU
		{AACACA1C-A729-461A-8745-06C912C98DF6}.Debug|Any CPU.Build.0 = Debug|Any CPU
		{AACACA1C-A729-461A-8745-06C912C98DF6}.Release|Any CPU.ActiveCfg = Release|Any CPU
		{AACACA1C-A729-461A-8745-06C912C98DF6}.Release|Any CPU.Build.0 = Release|Any CPU
		{4CAD4767-D3CF-4F74-A8C3-9F1ABD3D2E12}.Debug|Any CPU.ActiveCfg = Debug|Any CPU
		{4CAD4767-D3CF-4F74-A8C3-9F1ABD3D2E12}.Debug|Any CPU.Build.0 = Debug|Any CPU
		{4CAD4767-D3CF-4F74-A8C3-9F1ABD3D2E12}.Release|Any CPU.ActiveCfg = Release|Any CPU
		{4CAD4767-D3CF-4F74-A8C3-9F1ABD3D2E12}.Release|Any CPU.Build.0 = Release|Any CPU
		{335DF32E-EC66-4C5C-95AE-3CBDB51A8E58}.Debug|Any CPU.ActiveCfg = Debug|Any CPU
		{335DF32E-EC66-4C5C-95AE-3CBDB51A8E58}.Debug|Any CPU.Build.0 = Debug|Any CPU
		{335DF32E-EC66-4C5C-95AE-3CBDB51A8E58}.Release|Any CPU.ActiveCfg = Release|Any CPU
		{335DF32E-EC66-4C5C-95AE-3CBDB51A8E58}.Release|Any CPU.Build.0 = Release|Any CPU
		{1F8FE477-EDF1-42E2-BA98-4D53B4C2B279}.Debug|Any CPU.ActiveCfg = Debug|Any CPU
		{1F8FE477-EDF1-42E2-BA98-4D53B4C2B279}.Debug|Any CPU.Build.0 = Debug|Any CPU
		{1F8FE477-EDF1-42E2-BA98-4D53B4C2B279}.Release|Any CPU.ActiveCfg = Release|Any CPU
		{1F8FE477-EDF1-42E2-BA98-4D53B4C2B279}.Release|Any CPU.Build.0 = Release|Any CPU
	EndGlobalSection
	GlobalSection(SolutionProperties) = preSolution
		HideSolutionNode = FALSE
	EndGlobalSection
	GlobalSection(NestedProjects) = preSolution
		{68790A83-6D0F-402F-B9E6-62C6CFDFDCC8} = {B6BDE687-9722-4D8A-971C-70F46F4EE5DB}
		{AACACA1C-A729-461A-8745-06C912C98DF6} = {B6BDE687-9722-4D8A-971C-70F46F4EE5DB}
		{4CAD4767-D3CF-4F74-A8C3-9F1ABD3D2E12} = {B6BDE687-9722-4D8A-971C-70F46F4EE5DB}
		{335DF32E-EC66-4C5C-95AE-3CBDB51A8E58} = {B6BDE687-9722-4D8A-971C-70F46F4EE5DB}
		{1F8FE477-EDF1-42E2-BA98-4D53B4C2B279} = {B6BDE687-9722-4D8A-971C-70F46F4EE5DB}
	EndGlobalSection
	GlobalSection(ExtensibilityGlobals) = postSolution
		SolutionGuid = {CC4FF7C0-D167-4A63-AB6A-EC03C52E3578}
	EndGlobalSection
EndGlobal
